{
  "lockfileVersion": 1,
  "configVersion": 1,
  "workspaces": {
    "": {
      "name": "lab-1 RDF Data Modeling and Processing",
      "dependencies": {
        "@rdfjs/parser-jsonld": "^2.0.0",
        "@rdfjs/parser-n3": "^2.1.0",
        "rdf-stores": "^2.1.1",
      },
      "devDependencies": {
        "@types/bun": "latest",
      },
      "peerDependencies": {
        "typescript": "^5",
      },
    },
  },
  "packages": {
    "@bergos/jsonparse": ["@bergos/jsonparse@1.4.2", "", { "dependencies": { "buffer": "^6.0.3" } }, "sha512-qUt0QNJjvg4s1zk+AuLM6s/zcsQ8MvGn7+1f0vPuxvpCYa08YtTryuDInngbEyW5fNGGYe2znKt61RMGd5HnXg=="],

    "@rdfjs/data-model": ["@rdfjs/data-model@2.1.1", "", { "bin": { "rdfjs-data-model-test": "bin/test.js" } }, "sha512-6mcOI4DjIPS6MOZw23H8oAdujHCk5gippVNQ7mKwliYTvTNh+uqRM91B9OLqhoAoNcQ3t49Dx2ooIMRG9/6ooA=="],

    "@rdfjs/parser-jsonld": ["@rdfjs/parser-jsonld@2.1.3", "", { "dependencies": { "@rdfjs/data-model": "^2.0.2", "@rdfjs/sink": "^2.0.1", "duplex-to": "^2.0.0", "jsonld-streaming-parser": "^5.0.0", "readable-stream": "^4.5.2" } }, "sha512-VYnPEwVdqFAPTo9F8XIN4UpGPdNzhBaCFv5b5OT74pA7H8so4aTno3Yd6M5I9bhTrUoCQjpjgr+ugYlvWxdBIA=="],

    "@rdfjs/parser-n3": ["@rdfjs/parser-n3@2.1.0", "", { "dependencies": { "@rdfjs/data-model": "^2.0.2", "@rdfjs/sink": "^2.0.1", "duplex-to": "^2.0.0", "n3": "^1.17.2", "readable-stream": "^4.5.2" } }, "sha512-/DiosB+0vPzgAs1WXcCB8MbA5hqq0fIh9VhMg7fBmoJ/I8Xl6Op/AOxVu9x1XZCHSNwO/VsJT/HYKEctZVRKSQ=="],

    "@rdfjs/sink": ["@rdfjs/sink@2.0.1", "", {}, "sha512-smzIFGF6EH1sLAJR9F3p2wMNrN44JjPeYAoITTJLqtuNC319K7IXaJ+qNLBGTtapZ/jvpx2Tks0TjcH9KrAvEA=="],

    "@rdfjs/types": ["@rdfjs/types@2.0.1", "", { "dependencies": { "@types/node": "*" } }, "sha512-uyAzpugX7KekAXAHq26m3JlUIZJOC0uSBhpnefGV5i15bevDyyejoB7I+9MKeUrzXD8OOUI3+4FeV1wwQr5ihA=="],

    "@types/bun": ["@types/bun@1.3.9", "", { "dependencies": { "bun-types": "1.3.9" } }, "sha512-KQ571yULOdWJiMH+RIWIOZ7B2RXQGpL1YQrBtLIV3FqDcCu6FsbFUBwhdKUlCKUpS3PJDsHlJ1QKlpxoVR+xtw=="],

    "@types/http-link-header": ["@types/http-link-header@1.0.7", "", { "dependencies": { "@types/node": "*" } }, "sha512-snm5oLckop0K3cTDAiBnZDy6ncx9DJ3mCRDvs42C884MbVYPP74Tiq2hFsSDRTyjK6RyDYDIulPiW23ge+g5Lw=="],

    "@types/node": ["@types/node@25.3.3", "", { "dependencies": { "undici-types": "~7.18.0" } }, "sha512-DpzbrH7wIcBaJibpKo9nnSQL0MTRdnWttGyE5haGwK86xgMOkFLp7vEyfQPGLOJh5wNYiJ3V9PmUMDhV9u8kkQ=="],

    "@types/readable-stream": ["@types/readable-stream@4.0.23", "", { "dependencies": { "@types/node": "*" } }, "sha512-wwXrtQvbMHxCbBgjHaMGEmImFTQxxpfMOR/ZoQnXxB1woqkUbdLGFDgauo00Py9IudiaqSeiBiulSV9i6XIPig=="],

    "abort-controller": ["abort-controller@3.0.0", "", { "dependencies": { "event-target-shim": "^5.0.0" } }, "sha512-h8lQ8tacZYnR3vNQTgibj+tODHI5/+l06Au2Pcriv/Gmet0eaj4TwWH41sO9wnHDiQsEj19q0drzdWdeAHtweg=="],

    "asynciterator": ["asynciterator@3.10.0", "", { "dependencies": { "tiny-set-immediate": "^1.0.2" } }, "sha512-eDOBoUf2m+4ht0ETVn2SCfuBIZZ6UWyyQbP++LRPKoK7PmrCQq37pJ6vRvyef4o1Pn+CwWnzMlkXxGdh/krVIw=="],

    "base64-js": ["base64-js@1.5.1", "", {}, "sha512-AKpaYlHn8t4SVbOHCy+b5+KKgvR4vrsD8vbvrbiQJps7fKDTkjkDry6ji0rUJjC0kzbNePLwzxq8iypo41qeWA=="],

    "buffer": ["buffer@6.0.3", "", { "dependencies": { "base64-js": "^1.3.1", "ieee754": "^1.2.1" } }, "sha512-FTiCpNxtwiZZHEZbcbTIcZjERVICn9yq/pDFkTl95/AxzD1naBctN7YO68riM/gLSDY7sdrMby8hofADYuuqOA=="],

    "bun-types": ["bun-types@1.3.9", "", { "dependencies": { "@types/node": "*" } }, "sha512-+UBWWOakIP4Tswh0Bt0QD0alpTY8cb5hvgiYeWCMet9YukHbzuruIEeXC2D7nMJPB12kbh8C7XJykSexEqGKJg=="],

    "canonicalize": ["canonicalize@1.0.8", "", {}, "sha512-0CNTVCLZggSh7bc5VkX5WWPWO+cyZbNd07IHIsSXLia/eAq+r836hgk+8BKoEh7949Mda87VUOitx5OddVj64A=="],

    "duplex-to": ["duplex-to@2.0.0", "", {}, "sha512-f2nMnk11mwDptEFBTv2mcWHpF4ENAbuQ63yTiSy/99rG4Exsxsf0GJhJYq/AHF2cdMYswSx23LPuoijBflpquQ=="],

    "event-target-shim": ["event-target-shim@5.0.1", "", {}, "sha512-i/2XbnSz/uxRCU6+NdVJgKWDTM427+MqYbkQzD321DuCQJUqOuJKIA0IM2+W2xtYHdKOmZ4dR6fExsd4SXL+WQ=="],

    "events": ["events@3.3.0", "", {}, "sha512-mQw+2fkQbALzQ7V0MY0IqdnXNOeTtP4r0lN9z7AAawCXgqea7bDii20AYrIBrFd/Hx0M2Ocz6S111CaFkUcb0Q=="],

    "http-link-header": ["http-link-header@1.1.3", "", {}, "sha512-3cZ0SRL8fb9MUlU3mKM61FcQvPfXx2dBrZW3Vbg5CXa8jFlK8OaEpePenLe1oEXQduhz8b0QjsqfS59QP4AJDQ=="],

    "ieee754": ["ieee754@1.2.1", "", {}, "sha512-dcyqhDvX1C46lXZcVqCpK+FtMRQVdIMN6/Df5js2zouUsqG7I6sFxitIC+7KYK29KdXOLHdu9zL4sFnoVQnqaA=="],

    "jsonld-context-parser": ["jsonld-context-parser@3.1.0", "", { "dependencies": { "@types/http-link-header": "^1.0.1", "@types/node": "^18.0.0", "http-link-header": "^1.0.2", "relative-to-absolute-iri": "^1.0.5" }, "bin": { "jsonld-context-parse": "bin/jsonld-context-parse.js" } }, "sha512-BfgNJ/t9jjK7Lun9XRCJM6YeNqDk8B6/lg+KS8rzhXAOtS0FvoClSmtLvF24V1M2CDYRy2LcEBt0ilxqSX93WA=="],

    "jsonld-streaming-parser": ["jsonld-streaming-parser@5.0.1", "", { "dependencies": { "@bergos/jsonparse": "^1.4.0", "@types/http-link-header": "^1.0.1", "@types/readable-stream": "^4.0.0", "buffer": "^6.0.3", "canonicalize": "^1.0.1", "http-link-header": "^1.0.2", "jsonld-context-parser": "^3.1.0", "rdf-data-factory": "^2.0.0", "readable-stream": "^4.0.0" } }, "sha512-Rf230DRAWe5p1H4e7phk1vo4FHEMOmC5xVcIywKJBBcwy6zaJWFcAvPcwngufNTdJs7dpTMbKQDjp4TYDpMKUQ=="],

    "n3": ["n3@1.26.0", "", { "dependencies": { "buffer": "^6.0.3", "readable-stream": "^4.0.0" } }, "sha512-SQknS0ua90rN+3RHuk8BeIqeYyqIH/+ecViZxX08jR4j6MugqWRjtONl3uANG/crWXnOM2WIqBJtjIhVYFha+w=="],

    "process": ["process@0.11.10", "", {}, "sha512-cdGef/drWFoydD1JsMzuFf8100nZl+GT+yacc2bEced5f9Rjk4z+WtFUTBu9PhOi9j/jfmBPu0mMEY4wIdAF8A=="],

    "rdf-data-factory": ["rdf-data-factory@2.0.2", "", { "dependencies": { "@rdfjs/types": "^2.0.0" } }, "sha512-WzPoYHwQYWvIP9k+7IBLY1b4nIDitzAK4mA37WumAF/Cjvu/KOtYJH9IPZnUTWNSd5K2+pq4vrcE9WZC4sRHhg=="],

    "rdf-stores": ["rdf-stores@2.1.1", "", { "dependencies": { "asynciterator": "^3.8.0", "rdf-data-factory": "^2.0.1", "rdf-string": "^2.0.0", "rdf-terms": "^2.0.0" } }, "sha512-wYovM7q+12K+dV3AsPbBiAY63Dy1eoOBJ69XoL757Pqwimz2LLCrSwrjMyqc4AB+/wPgDwPeNiQA7IzD6zeAZg=="],

    "rdf-string": ["rdf-string@2.0.1", "", { "dependencies": { "rdf-data-factory": "^2.0.0" } }, "sha512-SMW4ponnKNrsP9kYpOLyICeM4UJmEXIeS3zri7kPK9gzLFsHD88oiza8LnokNYxd76zW4JoYWD+v4x0g8rJBjw=="],

    "rdf-terms": ["rdf-terms@2.0.0", "", { "dependencies": { "rdf-data-factory": "^2.0.0", "rdf-string": "^2.0.0" } }, "sha512-9O+ifVcvY4ZktOr+uXKswoOV6airAsIKeqCr+C47kFZBB8X+NyPSqDRGgI6X+je8It6z2e9jZhWwjJiEZ8Yn5Q=="],

    "readable-stream": ["readable-stream@4.7.0", "", { "dependencies": { "abort-controller": "^3.0.0", "buffer": "^6.0.3", "events": "^3.3.0", "process": "^0.11.10", "string_decoder": "^1.3.0" } }, "sha512-oIGGmcpTLwPga8Bn6/Z75SVaH1z5dUut2ibSyAMVhmUggWpmDn2dapB0n7f8nwaSiRtepAsfJyfXIO5DCVAODg=="],

    "relative-to-absolute-iri": ["relative-to-absolute-iri@1.0.7", "", {}, "sha512-Xjyl4HmIzg2jzK/Un2gELqbcE8Fxy85A/aLSHE6PE/3+OGsFwmKVA1vRyGaz6vLWSqLDMHA+5rjD/xbibSQN1Q=="],

    "safe-buffer": ["safe-buffer@5.2.1", "", {}, "sha512-rp3So07KcdmmKbGvgaNxQSJr7bGVSVk5S9Eq1F+ppbRo70+YeaDxkw5Dd8NPN+GD6bjnYm2VuPuCXmpuYvmCXQ=="],

    "string_decoder": ["string_decoder@1.3.0", "", { "dependencies": { "safe-buffer": "~5.2.0" } }, "sha512-hkRX8U1WjJFd8LsDJ2yQ/wWWxaopEsABU1XfkM8A+j0+85JAGppt16cr1Whg6KIbb4okU6Mql6BOj+uup/wKeA=="],

    "tiny-set-immediate": ["tiny-set-immediate@1.0.2", "", {}, "sha512-EVbaM4zXFWS4CIqVoPzY7XIioQ5LU1p49AHizwPO1KyFyp/gxy5SA8mDmfDVl/2WLQiHgUL+esO6Ig+KhpUxUw=="],

    "typescript": ["typescript@5.9.3", "", { "bin": { "tsc": "bin/tsc", "tsserver": "bin/tsserver" } }, "sha512-jl1vZzPDinLr9eUt3J/t7V6FgNEw9QjvBPdysz9KfQDD41fQrC2Y4vKQdiaUpFT4bXlb1RHhLpp8wtm6M5TgSw=="],

    "undici-types": ["undici-types@7.18.2", "", {}, "sha512-AsuCzffGHJybSaRrmr5eHr81mwJU3kjw6M+uprWvCXiNeN9SOGwQ3Jn8jb8m3Z6izVgknn1R0FTCEAP2QrLY/w=="],

    "jsonld-context-parser/@types/node": ["@types/node@18.19.130", "", { "dependencies": { "undici-types": "~5.26.4" } }, "sha512-GRaXQx6jGfL8sKfaIDD6OupbIHBr9jv7Jnaml9tB7l4v068PAOXqfcujMMo5PhbIs6ggR1XODELqahT2R8v0fg=="],

    "jsonld-context-parser/@types/node/undici-types": ["undici-types@5.26.5", "", {}, "sha512-JlCMO+ehdEIKqlFxk6IfVoAUVmgz7cU7zD/h9XZ0qzeosSHmUJVOzSQvvYSYWXkFXC+IfLKSIffhv0sVZup6pA=="],
  }
}
